
Microsoft Visual Studio Solution File, Format Version 12.00
Project("{FAE04EC0-301F-11D3-BF4B-00C04F79EFBC}") = "edu.infinet.nicole.csharp", "edu.infinet.nicole.csharp\edu.infinet.nicole.csharp.csproj", "{4170A61F-D155-4A3D-987E-F78785A921E1}"
EndProject
Global
	GlobalSection(SolutionConfigurationPlatforms) = preSolution
		Debug|Any CPU = Debug|Any CPU
		Release|Any CPU = Release|Any CPU
	EndGlobalSection
	GlobalSection(ProjectConfigurationPlatforms) = postSolution
		{4170A61F-D155-4A3D-987E-F78785A921E1}.Debug|Any CPU.ActiveCfg = Debug|Any CPU
		{4170A61F-D155-4A3D-987E-F78785A921E1}.Debug|Any CPU.Build.0 = Debug|Any CPU
		{4170A61F-D155-4A3D-987E-F78785A921E1}.Release|Any CPU.ActiveCfg = Release|Any CPU
		{4170A61F-D155-4A3D-987E-F78785A921E1}.Release|Any CPU.Build.0 = Release|Any CPU
	EndGlobalSection
EndGlobal
